{
  "name": "dataform-vuln-poc",
  "version": "1.0.0",
  "lockfileVersion": 3,
  "requires": true,
  "packages": {
    "": {
      "name": "dataform-vuln-poc",
      "version": "1.0.0",
      "dependencies": {
        "@dataform/core": "^3.0.0"
      }
    },
    "node_modules/@dataform/core": {
      "version": "3.0.39",
      "resolved": "https://registry.npmjs.org/@dataform/core/-/core-3.0.39.tgz",
      "integrity": "sha512-uMQrjZViOL/CYq4lyYhtui05WGcEF3Z0pNwovAToSccq1oIjej+EqtURAkt91aF0qurifYH3bvDcwGxd9bB8hQ==",
      "license": "Apache-2.0"
    }
  }
}
